
Microsoft Visual Studio Solution File, Format Version 12.00
# Visual Studio Version 17
VisualStudioVersion = 17.0.31903.59
MinimumVisualStudioVersion = 10.0.40219.1
Project("{2150E333-8FDC-42A3-9474-1A3956D46DE8}") = "src", "src", "{827E0CD3-B72D-47B6-A68D-7590B98EB39B}"
EndProject
Project("{FAE04EC0-301F-11D3-BF4B-00C04F79EFBC}") = "TodoApp.Application", "src\TodoApp.Application\TodoApp.Application.csproj", "{31E22B48-6339-4868-86E6-90894A262089}"
EndProject
Project("{FAE04EC0-301F-11D3-BF4B-00C04F79EFBC}") = "TodoApp.Domain", "src\TodoApp.Domain\TodoApp.Domain.csproj", "{B57EF264-8D2D-4FEB-AF94-DB10C12B4364}"
EndProject
Project("{FAE04EC0-301F-11D3-BF4B-00C04F79EFBC}") = "TodoApp.Infrastructure", "src\TodoApp.Infrastructure\TodoApp.Infrastructure.csproj", "{B9F63C70-4501-4957-B11C-2545AB185499}"
EndProject
Project("{2150E333-8FDC-42A3-9474-1A3956D46DE8}") = "Solution Items", "Solution Items", "{02EA681E-C7D8-13C7-8484-4AC65E1B71E8}"
	ProjectSection(SolutionItems) = preProject
		.editorconfig = .editorconfig
		Directory.Build.props = Directory.Build.props
		Migrations.md = Migrations.md
	EndProjectSection
EndProject
Project("{FAE04EC0-301F-11D3-BF4B-00C04F79EFBC}") = "TodoApp.Api", "src\TodoApp.Api\TodoApp.Api.csproj", "{821C9C9D-73FC-4A8C-B212-4929C4312BDD}"
EndProject
Global
	GlobalSection(SolutionConfigurationPlatforms) = preSolution
		Debug|Any CPU = Debug|Any CPU
		Debug|x64 = Debug|x64
		Debug|x86 = Debug|x86
		Release|Any CPU = Release|Any CPU
		Release|x64 = Release|x64
		Release|x86 = Release|x86
	EndGlobalSection
	GlobalSection(ProjectConfigurationPlatforms) = postSolution
		{31E22B48-6339-4868-86E6-90894A262089}.Debug|Any CPU.ActiveCfg = Debug|Any CPU
		{31E22B48-6339-4868-86E6-90894A262089}.Debug|Any CPU.Build.0 = Debug|Any CPU
		{31E22B48-6339-4868-86E6-90894A262089}.Debug|x64.ActiveCfg = Debug|Any CPU
		{31E22B48-6339-4868-86E6-90894A262089}.Debug|x64.Build.0 = Debug|Any CPU
		{31E22B48-6339-4868-86E6-90894A262089}.Debug|x86.ActiveCfg = Debug|Any CPU
		{31E22B48-6339-4868-86E6-90894A262089}.Debug|x86.Build.0 = Debug|Any CPU
		{31E22B48-6339-4868-86E6-90894A262089}.Release|Any CPU.ActiveCfg = Release|Any CPU
		{31E22B48-6339-4868-86E6-90894A262089}.Release|Any CPU.Build.0 = Release|Any CPU
		{31E22B48-6339-4868-86E6-90894A262089}.Release|x64.ActiveCfg = Release|Any CPU
		{31E22B48-6339-4868-86E6-90894A262089}.Release|x64.Build.0 = Release|Any CPU
		{31E22B48-6339-4868-86E6-90894A262089}.Release|x86.ActiveCfg = Release|Any CPU
		{31E22B48-6339-4868-86E6-90894A262089}.Release|x86.Build.0 = Release|Any CPU
		{B57EF264-8D2D-4FEB-AF94-DB10C12B4364}.Debug|Any CPU.ActiveCfg = Debug|Any CPU
		{B57EF264-8D2D-4FEB-AF94-DB10C12B4364}.Debug|Any CPU.Build.0 = Debug|Any CPU
		{B57EF264-8D2D-4FEB-AF94-DB10C12B4364}.Debug|x64.ActiveCfg = Debug|Any CPU
		{B57EF264-8D2D-4FEB-AF94-DB10C12B4364}.Debug|x64.Build.0 = Debug|Any CPU
		{B57EF264-8D2D-4FEB-AF94-DB10C12B4364}.Debug|x86.ActiveCfg = Debug|Any CPU
		{B57EF264-8D2D-4FEB-AF94-DB10C12B4364}.Debug|x86.Build.0 = Debug|Any CPU
		{B57EF264-8D2D-4FEB-AF94-DB10C12B4364}.Release|Any CPU.ActiveCfg = Release|Any CPU
		{B57EF264-8D2D-4FEB-AF94-DB10C12B4364}.Release|Any CPU.Build.0 = Release|Any CPU
		{B57EF264-8D2D-4FEB-AF94-DB10C12B4364}.Release|x64.ActiveCfg = Release|Any CPU
		{B57EF264-8D2D-4FEB-AF94-DB10C12B4364}.Release|x64.Build.0 = Release|Any CPU
		{B57EF264-8D2D-4FEB-AF94-DB10C12B4364}.Release|x86.ActiveCfg = Release|Any CPU
		{B57EF264-8D2D-4FEB-AF94-DB10C12B4364}.Release|x86.Build.0 = Release|Any CPU
		{B9F63C70-4501-4957-B11C-2545AB185499}.Debug|Any CPU.ActiveCfg = Debug|Any CPU
		{B9F63C70-4501-4957-B11C-2545AB185499}.Debug|Any CPU.Build.0 = Debug|Any CPU
		{B9F63C70-4501-4957-B11C-2545AB185499}.Debug|x64.ActiveCfg = Debug|Any CPU
		{B9F63C70-4501-4957-B11C-2545AB185499}.Debug|x64.Build.0 = Debug|Any CPU
		{B9F63C70-4501-4957-B11C-2545AB185499}.Debug|x86.ActiveCfg = Debug|Any CPU
		{B9F63C70-4501-4957-B11C-2545AB185499}.Debug|x86.Build.0 = Debug|Any CPU
		{B9F63C70-4501-4957-B11C-2545AB185499}.Release|Any CPU.ActiveCfg = Release|Any CPU
		{B9F63C70-4501-4957-B11C-2545AB185499}.Release|Any CPU.Build.0 = Release|Any CPU
		{B9F63C70-4501-4957-B11C-2545AB185499}.Release|x64.ActiveCfg = Release|Any CPU
		{B9F63C70-4501-4957-B11C-2545AB185499}.Release|x64.Build.0 = Release|Any CPU
		{B9F63C70-4501-4957-B11C-2545AB185499}.Release|x86.ActiveCfg = Release|Any CPU
		{B9F63C70-4501-4957-B11C-2545AB185499}.Release|x86.Build.0 = Release|Any CPU
		{821C9C9D-73FC-4A8C-B212-4929C4312BDD}.Debug|Any CPU.ActiveCfg = Debug|Any CPU
		{821C9C9D-73FC-4A8C-B212-4929C4312BDD}.Debug|Any CPU.Build.0 = Debug|Any CPU
		{821C9C9D-73FC-4A8C-B212-4929C4312BDD}.Debug|x64.ActiveCfg = Debug|Any CPU
		{821C9C9D-73FC-4A8C-B212-4929C4312BDD}.Debug|x64.Build.0 = Debug|Any CPU
		{821C9C9D-73FC-4A8C-B212-4929C4312BDD}.Debug|x86.ActiveCfg = Debug|Any CPU
		{821C9C9D-73FC-4A8C-B212-4929C4312BDD}.Debug|x86.Build.0 = Debug|Any CPU
		{821C9C9D-73FC-4A8C-B212-4929C4312BDD}.Release|Any CPU.ActiveCfg = Release|Any CPU
		{821C9C9D-73FC-4A8C-B212-4929C4312BDD}.Release|Any CPU.Build.0 = Release|Any CPU
		{821C9C9D-73FC-4A8C-B212-4929C4312BDD}.Release|x64.ActiveCfg = Release|Any CPU
		{821C9C9D-73FC-4A8C-B212-4929C4312BDD}.Release|x64.Build.0 = Release|Any CPU
		{821C9C9D-73FC-4A8C-B212-4929C4312BDD}.Release|x86.ActiveCfg = Release|Any CPU
		{821C9C9D-73FC-4A8C-B212-4929C4312BDD}.Release|x86.Build.0 = Release|Any CPU
	EndGlobalSection
	GlobalSection(SolutionProperties) = preSolution
		HideSolutionNode = FALSE
	EndGlobalSection
	GlobalSection(NestedProjects) = preSolution
		{31E22B48-6339-4868-86E6-90894A262089} = {827E0CD3-B72D-47B6-A68D-7590B98EB39B}
		{B57EF264-8D2D-4FEB-AF94-DB10C12B4364} = {827E0CD3-B72D-47B6-A68D-7590B98EB39B}
		{B9F63C70-4501-4957-B11C-2545AB185499} = {827E0CD3-B72D-47B6-A68D-7590B98EB39B}
		{821C9C9D-73FC-4A8C-B212-4929C4312BDD} = {827E0CD3-B72D-47B6-A68D-7590B98EB39B}
	EndGlobalSection
	GlobalSection(ExtensibilityGlobals) = postSolution
		SolutionGuid = {88767720-5C53-4845-8103-6360C20C823A}
	EndGlobalSection
EndGlobal
